{
    "_meta": {
        "hash": {
            "sha256": "8fcfe51ab269259619125bf23e195954a19950e3f243d0f4861607e71a6fc4bc"
        },
        "pipfile-spec": 6,
        "requires": {
            "python_version": "3.10"
        },
        "sources": [
            {
                "name": "pypi",
                "url": "https://pypi.org/simple",
                "verify_ssl": true
            }
        ]
    },
    "default": {
        "gurobipy": {
            "hashes": [
                "sha256:022465c59d3c2e0c77bc45198b4b3632a640e50faad5c1029a60792a514b7129",
                "sha256:34d989316c30ca462ac7eb4c391697f6be8f12dd4c78f316b99ae1a72eb833ab",
                "sha256:39ba1ac6c5a8a3a1fcea5482c8c3880491e56eca94b4e37aee60028f0cc4a23e",
                "sha256:66347f37bcf7d9208815da87efa3189cf76d57859412aecbbf4aaa970acf2335",
                "sha256:6ff4a370357f512ba6e46b840ee4e4a45d6b49173d90c7fab17ae53ba943f88e",
                "sha256:7758894f9cbcd097c9b4b19b526727fca46358b97ba799e607c736cb6c3142ad",
                "sha256:8e36c58e2c1fa0c0d77d369cce2ad4d228caf863b15b151ef886aec1c5e8cd1b",
                "sha256:9d770daa4c3f0a19feb667116b519a4128d3827df07676946ec90b3b2392129a",
                "sha256:a9b74396c0071eb4438a3c8b81864c54a8e8ab104f10584d7fe647434428fb4f",
                "sha256:ad200cc39680a7e126cf65e5a36197adb56cbca470fc2731705e38d4dfc8b13c",
                "sha256:c6dd67cab2eb40920a141ec9bdcd41e66e114bb30f396774512e3ac27fe2d228",
                "sha256:cb7d3799f7239cc6b78747e4c37b817ae56a45f8eeb7fb7b9316b517491a0029",
                "sha256:d31e6038afa6d0bca0545ba1ea119f3726965dc94d75fb81a69aaaecfbb71682",
                "sha256:d5c7e8e8ade1d65ea1cdb1cd20ad87d18f6e7a38f215601895ccd44afc932ce1",
                "sha256:ef70a390e3da4304fc0b9e26de6076f1162f62536b51d94c3903ef517eec044a",
                "sha256:f5a9d7b25aaff4a2317ff0edef1080a85ebfb50143956c0e324428a249970c11"
            ],
            "index": "pypi",
            "markers": "python_version >= '3.10'",
            "version": "==13.0.0"
        },
        "igraph": {
            "hashes": [
                "sha256:05c79a2a8fca695b2f217a6fa7f2549f896f757d4db41be32a055400cb19cc30",
                "sha256:077dbff0edb8b4ce0f9fefdf325200346d9d5db02de31872b41743de08e67a16",
                "sha256:1a27753cd80680a8f676c2d5a467aaa4a95e510b30748398ec4e4aeb982130e8",
                "sha256:2414d0be2e4d77ee5357807d100974b40f6082bb1bb71988ec46cfb6728651ee",
                "sha256:2d04c2c76f686fb1f554ee35dfd3085f5e73b7965ba6b4cf06d53e66b1955522",
                "sha256:3189c1a8e8a8f58009f3f729040eb3701254d074ed37245691d529869ec940c5",
                "sha256:a55dc3a2a4e3fc3eba42479910c1511bfc3ecb33cdf5f0406891fd85f14b5aee",
                "sha256:b607cafc24b10a615e713ee96e58208ef27e0764af80140c7cc45d4724a3f2df",
                "sha256:c2bce3cd472fec3dd9c4d8a3ea5b6b9be65fb30edf760beb4850760dd4f2d479",
                "sha256:c2cbc415e02523e5a241eecee82319080bf928a70b1ba299f3b3e25bf029b6d4",
                "sha256:ebe9502689b946301584b3cfacdbc70c58c4d664d804e39b6daa31be5c20bf46",
                "sha256:f117683108c54330d6dc67a708e3724c13c9989885122a29781296872989a222",
                "sha256:f2b52dc1757fff0fed29a9f7a276d971a11db4211569ed78b9eab36288dfcc9d",
                "sha256:faeff8ede0cf15eb4ded44b0fcea6e1886740146e60504c24ad2da14e0939563",
                "sha256:fe7c693b2a84a4e03ca31e65aa05a2ecd8728137fa9909ccbf6453b4200b856d"
            ],
            "index": "pypi",
            "markers": "python_version >= '3.9'",
            "version": "==1.0.0"
        },
        "numpy": {
            "hashes": [
                "sha256:038613e9fb8c72b0a41f025a7e4c3f0b7a1b5d768ece4796b674c8f3fe13efff",
                "sha256:0678000bb9ac1475cd454c6b8c799206af8107e310843532b04d49649c717a47",
                "sha256:0811bb762109d9708cca4d0b13c4f67146e3c3b7cf8d34018c722adb2d957c84",
                "sha256:0b605b275d7bd0c640cad4e5d30fa701a8d59302e127e5f79138ad62762c3e3d",
                "sha256:0bca768cd85ae743b2affdc762d617eddf3bcf8724435498a1e80132d04879e6",
                "sha256:1bc23a79bfabc5d056d106f9befb8d50c31ced2fbc70eedb8155aec74a45798f",
                "sha256:287cc3162b6f01463ccd86be154f284d0893d2b3ed7292439ea97eafa8170e0b",
                "sha256:37c0ca431f82cd5fa716eca9506aefcabc247fb27ba69c5062a6d3ade8cf8f49",
                "sha256:37e990a01ae6ec7fe7fa1c26c55ecb672dd98b19c3d0e1d1f326fa13cb38d163",
                "sha256:389d771b1623ec92636b0786bc4ae56abafad4a4c513d36a55dce14bd9ce8571",
                "sha256:3d70692235e759f260c3d837193090014aebdf026dfd167834bcba43e30c2a42",
                "sha256:41c5a21f4a04fa86436124d388f6ed60a9343a6f767fced1a8a71c3fbca038ff",
                "sha256:481b49095335f8eed42e39e8041327c05b0f6f4780488f61286ed3c01368d491",
                "sha256:4eeaae00d789f66c7a25ac5f34b71a7035bb474e679f410e5e1a94deb24cf2d4",
                "sha256:55a4d33fa519660d69614a9fad433be87e5252f4b03850642f88993f7b2ca566",
                "sha256:5a6429d4be8ca66d889b7cf70f536a397dc45ba6faeb5f8c5427935d9592e9cf",
                "sha256:5bd4fc3ac8926b3819797a7c0e2631eb889b4118a9898c84f585a54d475b7e40",
                "sha256:5beb72339d9d4fa36522fc63802f469b13cdbe4fdab4a288f0c441b74272ebfd",
                "sha256:6031dd6dfecc0cf9f668681a37648373bddd6421fff6c66ec1624eed0180ee06",
                "sha256:71594f7c51a18e728451bb50cc60a3ce4e6538822731b2933209a1f3614e9282",
                "sha256:74d4531beb257d2c3f4b261bfb0fc09e0f9ebb8842d82a7b4209415896adc680",
                "sha256:7befc596a7dc9da8a337f79802ee8adb30a552a94f792b9c9d18c840055907db",
                "sha256:894b3a42502226a1cac872f840030665f33326fc3dac8e57c607905773cdcde3",
                "sha256:8e41fd67c52b86603a91c1a505ebaef50b3314de0213461c7a6e99c9a3beff90",
                "sha256:8e9ace4a37db23421249ed236fdcdd457d671e25146786dfc96835cd951aa7c1",
                "sha256:8fc377d995680230e83241d8a96def29f204b5782f371c532579b4f20607a289",
                "sha256:9551a499bf125c1d4f9e250377c1ee2eddd02e01eac6644c080162c0c51778ab",
                "sha256:b0544343a702fa80c95ad5d3d608ea3599dd54d4632df855e4c8d24eb6ecfa1c",
                "sha256:b093dd74e50a8cba3e873868d9e93a85b78e0daf2e98c6797566ad8044e8363d",
                "sha256:b412caa66f72040e6d268491a59f2c43bf03eb6c96dd8f0307829feb7fa2b6fb",
                "sha256:b4f13750ce79751586ae2eb824ba7e1e8dba64784086c98cdbbcc6a42112ce0d",
                "sha256:b64d8d4d17135e00c8e346e0a738deb17e754230d7e0810ac5012750bbd85a5a",
                "sha256:ba10f8411898fc418a521833e014a77d3ca01c15b0c6cdcce6a0d2897e6dbbdf",
                "sha256:bd48227a919f1bafbdda0583705e547892342c26fb127219d60a5c36882609d1",
                "sha256:c1f9540be57940698ed329904db803cf7a402f3fc200bfe599334c9bd84a40b2",
                "sha256:c820a93b0255bc360f53eca31a0e676fd1101f673dda8da93454a12e23fc5f7a",
                "sha256:ce47521a4754c8f4593837384bd3424880629f718d87c5d44f8ed763edd63543",
                "sha256:d042d24c90c41b54fd506da306759e06e568864df8ec17ccc17e9e884634fd00",
                "sha256:de749064336d37e340f640b05f24e9e3dd678c57318c7289d222a8a2f543e90c",
                "sha256:e1dda9c7e08dc141e0247a5b8f49cf05984955246a327d4c48bda16821947b2f",
                "sha256:e29554e2bef54a90aa5cc07da6ce955accb83f21ab5de01a62c8478897b264fd",
                "sha256:e3143e4451880bed956e706a3220b4e5cf6172ef05fcc397f6f36a550b1dd868",
                "sha256:e8213002e427c69c45a52bbd94163084025f533a55a59d6f9c5b820774ef3303",
                "sha256:efd28d4e9cd7d7a8d39074a4d44c63eda73401580c5c76acda2ce969e0a38e83",
                "sha256:f0fd6321b839904e15c46e0d257fdd101dd7f530fe03fd6359c1ea63738703f3",
                "sha256:f1372f041402e37e5e633e586f62aa53de2eac8d98cbfb822806ce4bbefcb74d",
                "sha256:f2618db89be1b4e05f7a1a847a9c1c0abd63e63a1607d892dd54668dd92faf87",
                "sha256:f447e6acb680fd307f40d3da4852208af94afdfab89cf850986c3ca00562f4fa",
                "sha256:f92729c95468a2f4f15e9bb94c432a9229d0d50de67304399627a943201baa2f",
                "sha256:f9f1adb22318e121c5c69a09142811a201ef17ab257a1e66ca3025065b7f53ae",
                "sha256:fc0c5673685c508a142ca65209b4e79ed6740a4ed6b2267dbba90f34b0b3cfda",
                "sha256:fc7b73d02efb0e18c000e9ad8b83480dfcd5dfd11065997ed4c6747470ae8915",
                "sha256:fd83c01228a688733f1ded5201c678f0c53ecc1006ffbc404db9f7a899ac6249",
                "sha256:fe27749d33bb772c80dcd84ae7e8df2adc920ae8297400dabec45f0dedb3f6de",
                "sha256:fee4236c876c4e8369388054d02d0e9bb84821feb1a64dd59e137e6511a551f8"
            ],
            "markers": "python_version >= '3.10'",
            "version": "==2.2.6"
        },
        "pandas": {
            "hashes": [
                "sha256:0242fe9a49aa8b4d78a4fa03acb397a58833ef6199e9aa40a95f027bb3a1b6e7",
                "sha256:1611aedd912e1ff81ff41c745822980c49ce4a7907537be8692c8dbc31924593",
                "sha256:1b07204a219b3b7350abaae088f451860223a52cfb8a6c53358e7948735158e5",
                "sha256:1d37b5848ba49824e5c30bedb9c830ab9b7751fd049bc7914533e01c65f79791",
                "sha256:23ebd657a4d38268c7dfbdf089fbc31ea709d82e4923c5ffd4fbd5747133ce73",
                "sha256:2462b1a365b6109d275250baaae7b760fd25c726aaca0054649286bcfbb3e8ec",
                "sha256:28083c648d9a99a5dd035ec125d42439c6c1c525098c58af0fc38dd1a7a1b3d4",
                "sha256:2e3ebdb170b5ef78f19bfb71b0dc5dc58775032361fa188e814959b74d726dd5",
                "sha256:318d77e0e42a628c04dc56bcef4b40de67918f7041c2b061af1da41dcff670ac",
                "sha256:371a4ab48e950033bcf52b6527eccb564f52dc826c02afd9a1bc0ab731bba084",
                "sha256:376c6446ae31770764215a6c937f72d917f214b43560603cd60da6408f183b6c",
                "sha256:3869faf4bd07b3b66a9f462417d0ca3a9df29a9f6abd5d0d0dbab15dac7abe87",
                "sha256:3fd2f887589c7aa868e02632612ba39acb0b8948faf5cc58f0850e165bd46f35",
                "sha256:4793891684806ae50d1288c9bae9330293ab4e083ccd1c5e383c34549c6e4250",
                "sha256:4e0a175408804d566144e170d0476b15d78458795bb18f1304fb94160cabf40c",
                "sha256:503cf027cf9940d2ceaa1a93cfb5f8c8c7e6e90720a2850378f0b3f3b1e06826",
                "sha256:5554c929ccc317d41a5e3d1234f3be588248e61f08a74dd17c9eabb535777dc9",
                "sha256:56851a737e3470de7fa88e6131f41281ed440d29a9268dcbf0002da5ac366713",
                "sha256:5caf26f64126b6c7aec964f74266f435afef1c1b13da3b0636c7518a1fa3e2b1",
                "sha256:602b8615ebcc4a0c1751e71840428ddebeb142ec02c786e8ad6b1ce3c8dec523",
                "sha256:6253c72c6a1d990a410bc7de641d34053364ef8bcd3126f7e7450125887dffe3",
                "sha256:6435cb949cb34ec11cc9860246ccb2fdc9ecd742c12d3304989017d53f039a78",
                "sha256:6d21f6d74eb1725c2efaa71a2bfc661a0689579b58e9c0ca58a739ff0b002b53",
                "sha256:6d2cefc361461662ac48810cb14365a365ce864afe85ef1f447ff5a1e99ea81c",
                "sha256:74ecdf1d301e812db96a465a525952f4dde225fdb6d8e5a521d47e1f42041e21",
                "sha256:75ea25f9529fdec2d2e93a42c523962261e567d250b0013b16210e1d40d7c2e5",
                "sha256:854d00d556406bffe66a4c0802f334c9ad5a96b4f1f868adf036a21b11ef13ff",
                "sha256:8fe25fc7b623b0ef6b5009149627e34d2a4657e880948ec3c840e9402e5c1b45",
                "sha256:900f47d8f20860de523a1ac881c4c36d65efcb2eb850e6948140fa781736e110",
                "sha256:93c2d9ab0fc11822b5eece72ec9587e172f63cff87c00b062f6e37448ced4493",
                "sha256:a16dcec078a01eeef8ee61bf64074b4e524a2a3f4b3be9326420cabe59c4778b",
                "sha256:a21d830e78df0a515db2b3d2f5570610f5e6bd2e27749770e8bb7b524b89b450",
                "sha256:a45c765238e2ed7d7c608fc5bc4a6f88b642f2f01e70c0c23d2224dd21829d86",
                "sha256:a637c5cdfa04b6d6e2ecedcb81fc52ffb0fd78ce2ebccc9ea964df9f658de8c8",
                "sha256:a68e15f780eddf2b07d242e17a04aa187a7ee12b40b930bfdd78070556550e98",
                "sha256:b3d11d2fda7eb164ef27ffc14b4fcab16a80e1ce67e9f57e19ec0afaf715ba89",
                "sha256:b468d3dad6ff947df92dcb32ede5b7bd41a9b3cceef0a30ed925f6d01fb8fa66",
                "sha256:b98560e98cb334799c0b07ca7967ac361a47326e9b4e5a7dfb5ab2b1c9d35a1b",
                "sha256:bdcd9d1167f4885211e401b3036c0c8d9e274eee67ea8d0758a256d60704cfe8",
                "sha256:bf1f8a81d04ca90e32a0aceb819d34dbd378a98bf923b6398b9a3ec0bf44de29",
                "sha256:c46467899aaa4da076d5abc11084634e2d197e9460643dd455ac3db5856b24d6",
                "sha256:c4fc4c21971a1a9f4bdb4c73978c7f7256caa3e62b323f70d6cb80db583350bc",
                "sha256:c503ba5216814e295f40711470446bc3fd00f0faea8a086cbc688808e26f92a2",
                "sha256:d051c0e065b94b7a3cea50eb1ec32e912cd96dba41647eb24104b6c6c14c5788",
                "sha256:d3e28b3e83862ccf4d85ff19cf8c20b2ae7e503881711ff2d534dc8f761131aa",
                "sha256:db4301b2d1f926ae677a751eb2bd0e8c5f5319c9cb3f88b0becbbb0b07b34151",
                "sha256:dd7478f1463441ae4ca7308a70e90b33470fa593429f9d4c578dd00d1fa78838",
                "sha256:e05e1af93b977f7eafa636d043f9f94c7ee3ac81af99c13508215942e64c993b",
                "sha256:e19d192383eab2f4ceb30b412b22ea30690c9e618f78870357ae1d682912015a",
                "sha256:e32e7cc9af0f1cc15548288a51a3b681cc2a219faa838e995f7dc53dbab1062d",
                "sha256:ecaf1e12bdc03c86ad4a7ea848d66c685cb6851d807a26aa245ca3d2017a1908",
                "sha256:ee15f284898e7b246df8087fc82b87b01686f98ee67d85a17b7ab44143a3a9a0",
                "sha256:ee67acbbf05014ea6c763beb097e03cd629961c8a632075eeb34247120abcb4b",
                "sha256:f086f6fe114e19d92014a1966f43a3e62285109afe874f067f5abbdcbb10e59c",
                "sha256:f8bfc0e12dc78f777f323f55c58649591b2cd0c43534e8355c51d3fede5f4dee"
            ],
            "index": "pypi",
            "markers": "python_version >= '3.9'",
            "version": "==2.3.3"
        },
        "prettytable": {
            "hashes": [
                "sha256:3c64b31719d961bf69c9a7e03d0c1e477320906a98da63952bc6698d6164ff57",
                "sha256:b5eccfabb82222f5aa46b798ff02a8452cf530a352c31bddfa29be41242863aa"
            ],
            "index": "pypi",
            "markers": "python_version >= '3.9'",
            "version": "==3.16.0"
        },
        "pypblib": {
            "hashes": [
                "sha256:19fdc29db3eb61504c50044645ea01955968ad3b473cb126f6b508a847cb64a1",
                "sha256:1bc73246760f56bbe945d38b3c4f56fed89e843e41934242f160a8685dc5cb17",
                "sha256:34732945c19cea40420435ed863863a42d4fcfc3eead29558de5af268859c06f",
                "sha256:3eec6af39d352435938542128b29f658dde20a6d21ee27647ae27c744e1208a9",
                "sha256:458d4b2ad1abe333fd3df279f1bdcb2e6e94e99466cb290b9bcebadf3669c9b5",
                "sha256:51d9be909ec1513ce5e5e01d225550c02ce439d1ad8c5421270301d61a75e5a9",
                "sha256:51f2cd1c024ff31e4eab977e2cee834d3b678f47c1a66480610694f4baab5f23",
                "sha256:58a3cd244a2d52613bb6563d197f928b704e5f91e53648986c6c16ab96f189ee",
                "sha256:5db879394bfdd3c48a0d3d6714ebb2b99a880ef5dd5948a9fdf0ac0d4167d12a",
                "sha256:6034d8b1f7ff53f356a41878b28f95bec30498285ee178ad4d62135231b2f2d9",
                "sha256:626a529beac250c8668dbb86b82689341ed6016ccff500583296b643d8873bad",
                "sha256:71dd930bf177ca38d6eeb473702d05df07e11f20382db0c766465297eaf49062",
                "sha256:7a9e992994a11c6a6a4924fb19374c01eee0453d44010640cc5896d06cdaac48",
                "sha256:833dcecb4f152f989056e3ebb33860335d5365035f7127fbb0797ea5ff689b83",
                "sha256:9349f09040b1a3b149d9e565161b43c8e1c1bc6632997e7410d2f5df40ee35da",
                "sha256:94ae0efa11230b1d675852f598ad06edca30e4ddd2dd74b4f07007708f8b733e",
                "sha256:96f5d5350681eb4e578b0d438b5a9ce092f760ae0891d1f54674fd2bead4d692",
                "sha256:9dd77b5447df2171bd9303dde4aa6c47ff4fa5afb71171cdaf0496940cce3eb3",
                "sha256:a272ed41bb27e668029c3599b8659f76cf6c870328e22dba6d2fcc2e154e1417",
                "sha256:a6b5f0364a8ad5066622cbc112872424ecd1d981b0bf1fa81b3f0512c31f910b",
                "sha256:bbe8013e365b28b4dd9ebe267daac747e86a946a6cd0972a7c572d1149a7e092",
                "sha256:c8a03bdcd30d49b80a3e29961cabec86c97e77cbd12148b12bee86e1e7e7269c",
                "sha256:cfc5dbc7d0e9b84584a0a333b07ec8f058142e3c4bed17aeb26754b2f8dfbb36",
                "sha256:d5611c4e63b59577c390a47c4f95fd1f620679c73347b90a2817cd896e310728",
                "sha256:e2c74d8219caef6a107380e979019ea6e80f9334d1d0b042cc62bec9af53a43b",
                "sha256:fc63d2d273891e665cb40a7dd5cf3aed6d10d302ce1e3bbf7556dd06b334f7a5"
            ],
            "index": "pypi",
            "version": "==0.0.4"
        },
        "python-dateutil": {
            "hashes": [
                "sha256:37dd54208da7e1cd875388217d5e00ebd4179249f90fb72437e91a35459a0ad3",
                "sha256:a8b2bc7bffae282281c8140a97d3aa9c14da0b136dfe83f850eea9a5f7470427"
            ],
            "markers": "python_version >= '2.7' and python_version not in '3.0, 3.1, 3.2'",
            "version": "==2.9.0.post0"
        },
        "python-sat": {
            "hashes": [
                "sha256:1441579da2c44d0674cfed135e096e9a13fffcb2520b7e05488f837bab3a4ed5",
                "sha256:1740a962d94101b9ad59b2040e80815284b2b133e7e3ee9f315bcdfe6782491f",
                "sha256:177b509618b6d7f8360b9f28a60637c2a1510dfa95536561e2b92243c59eb9c0",
                "sha256:201d77637ff7f784db2be7d8ef03cd843c12d3143718c1e53d148381ba9e93ee",
                "sha256:231d28a44bc80928440487c20eef10db9c4fd9c0bfa59e456187971f7401fbf5",
                "sha256:2944b328656c7493bc86a79e09d74c10419f82278b7a55381f718543d443987f",
                "sha256:2ea3c7f8b1cdb0a63a55f8d40fe62a974f7b769f8e282709811b5fb57eecbbfd",
                "sha256:2f867151bc2a93743f23e352bd75e3ce1137a3b50deb7af946d120966f26f415",
                "sha256:4087c708f8c09a67dfa81bd81c07aaeebf18f17ef8717f6f296b3cefdb25a8f6",
                "sha256:423b6d966e8e27751fc139b2f1e1488e621e8311d605f0c5d6590376d4079e0b",
                "sha256:454d3f1f9f70a1393d363033461372a7006801a62b787edbad403d42ac2e8f04",
                "sha256:4b25392666c491736753b793fc9f9b8a21b6e08a75c89765401420f5e8d6ae7b",
                "sha256:4c819b18251892853f67e3f007a1c08b7f74e01fa64dca096988e0164fd9cdbc",
                "sha256:4d861216f08ff9e8a8867dd2445c3d344676a06d1450e136a00fae7166f7154b",
                "sha256:4faacc5998a6066c0cc751c32ee298b01dd2fba3397e00fc32e57c9dc53a35d5",
                "sha256:50c615cb9e988f310ce0fbded20a0bdca7fad09fe104498b6947711892663ac2",
                "sha256:5f6bd2d3c2a6fb5028e051c90a681db7ff962867b85c273863d54d2d3b0bc949",
                "sha256:5ff6ad9db2977aae75875516b73ea35df821a676daccf11bf560246aa4fdc3e5",
                "sha256:634450dc4a6a2d8b8401bd9094713584598fed3c9113b8af8ee7b7ca19ec52b3",
                "sha256:76b1de1447a351455e31ff85a28244307075cf241e7abda2a848c9be3422bc1e",
                "sha256:771fc8b35e90bfc29eb3d87e2a4fbd1223de1bd57dae65fdde91b3a3a7a41df8",
                "sha256:7c12ad82edb7b00e96c9910b3efa3eb163e808096322aa1e356a33f44f730d1c",
                "sha256:7e85048ce786ac3c03a2d646681b6c0a8f761d14dff5b334626e3a62309aea87",
                "sha256:7fd36768f70774d3489d64efa6483dd6279a61e8c9dbd90000e2dc6e76c398cd",
                "sha256:8736a9dfab23290ec02778df280bb59084e468211737fd826920d7f4b38e3ac6",
                "sha256:8afecd84e409dcef544c2df9602e21726e1b41a646cec5c2524327ed0a21a043",
                "sha256:8d4458c7845bb3c6bedb037e9188904280a338567bbbe27ba11d829cbed050d3",
                "sha256:8db62ff0f974cf5e0959d30f89485cc6b5cbd4ee834720dc4c8689b4c5620a0c",
                "sha256:997ed4be995878b5f7c49a3847f09989826b44b05153c72bcc195d559e01b7d2",
                "sha256:9fcc38c8a47d157e95e93aab3fa0696cb902480cd4a67810430b56566614ac4d",
                "sha256:a1171e33a421c3372aea2404d7c93e4e8b989d023f142b0bee42b4bfe9530b41",
                "sha256:a11ae3dcd15909cc9e225a80431527e110c75fd7b6b3e77fb3773fa09f2c9421",
                "sha256:b107826a95af3070b3a4b4c721de64194ce85620a3d5822ffc2adc1e258c611e",
                "sha256:b9a90192b314f45898cb7658b2092db68e4c0c752b2f3d775de895a562465730",
                "sha256:bc2d3f253be89e9902f85dc5d9fcd349855149f503e87470114365468a2404dc",
                "sha256:bdf41601c31c79e74252738d82167b9e00cc6b0d79e37bfa2a5246d229c171e6",
                "sha256:c019d593484c4464a90d6cd204460cb71791057cd22c37517ff45bf80c269a2b",
                "sha256:c4a5e39b0d1f34c4812bae474314b8082eef9c491a650f9e35951292bff7da96",
                "sha256:c57e686505f0089f2a9f791d9e48fd4d9fd4d9ba224096e384517ef80ed70294",
                "sha256:c59a24926c021aea87dac123bdc37dab9646d139cb0c8a7c436b7ae67fbfa907",
                "sha256:c7abda3eab04e70f6a56cd768d4ae004ca6239c4d4755f272aec97db9837bc11",
                "sha256:cd1cc733f1448968dfa9b2d3e5e04502bdc8195a3b7564cefc886f551d47c699",
                "sha256:d07f5b64b38deddd403ed1d0d1b84ad4383eb7c0563bb6efab3a56caa1e21342",
                "sha256:d31ca6bd066bd931982e29cd2c15b93298bc80b6bcc7d362b67ae3a335c04b10",
                "sha256:e1e3934a36983ef5b96a3c2d04a8eec8408204514e1a0c9d7e4b5ec48f2fd348",
                "sha256:e26af9de7f1c3442b34b169e6031ee296f764b576f664750045a69330259aa42",
                "sha256:ebc489815152b94ea05238b37f6af3381b6405dcf3daa1570cf4a9e37b830942",
                "sha256:f08bceb923c3b357f357d2848cfbaf8e4bed5fb949738431694df5514634216d",
                "sha256:f0949204d82d37f181fd136f0d30d8a0cc81617c6592c3f73a2cf6cc9b3722ce",
                "sha256:f307d269445f7f18f1f95f141ca5d278a01c80cd678c25d2535fa10b5889aa29",
                "sha256:f3b9753a9c3a9f7bc6f0ecbefc219c68bbdaa5b77da7016a37a4333ee16f57a1",
                "sha256:f54f77e8773712169dde349ad8db33764dc1c3d5746867d21098ce6401757e27",
                "sha256:f57f96a7961efd0825550ca2b1d2442434dab2a5679060429b43aeb62b25c694",
                "sha256:fa1284e4a230e7e8632713097966379d38072cc8f74d99d8e6526e4eade2105a",
                "sha256:ff88202ddd917ffa533446cf2dd446635864ed61ae71ff4980a1898be52ef30f"
            ],
            "index": "pypi",
            "version": "==1.8.dev24"
        },
        "pytz": {
            "hashes": [
                "sha256:360b9e3dbb49a209c21ad61809c7fb453643e048b38924c765813546746e81c3",
                "sha256:5ddf76296dd8c44c26eb8f4b6f35488f3ccbf6fbbd7adee0b7262d43f0ec2f00"
            ],
            "version": "==2025.2"
        },
        "six": {
            "hashes": [
                "sha256:4721f391ed90541fddacab5acf947aa0d3dc7d27b2e1e8eda2be8970586c3274",
                "sha256:ff70335d468e7eb6ec65b95b99d3a2836546063f63acc5171de367e834932a81"
            ],
            "markers": "python_version >= '2.7' and python_version not in '3.0, 3.1, 3.2'",
            "version": "==1.17.0"
        },
        "texttable": {
            "hashes": [
                "sha256:2d2068fb55115807d3ac77a4ca68fa48803e84ebb0ee2340f858107a36522638",
                "sha256:72227d592c82b3d7f672731ae73e4d1f88cd8e2ef5b075a7a7f01a23a3743917"
            ],
            "version": "==1.7.0"
        },
        "tzdata": {
            "hashes": [
                "sha256:1a403fada01ff9221ca8044d701868fa132215d84beb92242d9acd2147f667a8",
                "sha256:b60a638fcc0daffadf82fe0f57e53d06bdec2f36c4df66280ae79bce6bd6f2b9"
            ],
            "markers": "python_version >= '2'",
            "version": "==2025.2"
        },
        "wcwidth": {
            "hashes": [
                "sha256:4d478375d31bc5395a3c55c40ccdf3354688364cd61c4f6adacaa9215d0b3605",
                "sha256:a7bb560c8aee30f9957e5f9895805edd20602f2d7f720186dfd906e82b4982e1"
            ],
            "markers": "python_version >= '3.6'",
            "version": "==0.2.14"
        },
        "z3-solver": {
            "hashes": [
                "sha256:00bd10c5a6a5f6112d3a9a810d0799227e52f76caa860dafa5e00966bb47eb13",
                "sha256:00e35b02632ed085ea8199fb230f6015e6fc40554a6680c097bd5f060e827431",
                "sha256:407e825cc9211f95ef46bdc8d151bf630e7ab2d62a21d24cd74c09cc5b73f3aa",
                "sha256:62c7e9cbdd711932301f29919ad9158de9b2f58b4d281dd259bbcd0a2f408ba1",
                "sha256:7e103a6f203f505b8b8b8e5c931cc407c95b61556512d4921c1ddc0b3f41b08e",
                "sha256:928c29b58c4eb62106da51c1914f6a4a55d0441f8f48a81b9da07950434a8946",
                "sha256:be3bc916545c96ffbf89e00d07104ff14f78336e55db069177a1bfbcc01b269d"
            ],
            "index": "pypi",
            "version": "==4.15.4.0"
        }
    },
    "develop": {}
}
